
Microsoft Visual Studio Solution File, Format Version 12.00
# Visual Studio Version 16
VisualStudioVersion = 16.0.31911.196
MinimumVisualStudioVersion = 10.0.40219.1
Project("{9A19103F-16F7-4668-BE54-9A1E7A4F7556}") = "Eranca_Abstracao", "Eranca_Abstracao\Eranca_Abstracao.csproj", "{BEBF5056-3E4F-4564-A939-BBA37F26BF2E}"
EndProject
Project("{FAE04EC0-301F-11D3-BF4B-00C04F79EFBC}") = "Excecoes", "Excecoes\Excecoes.csproj", "{854DE9B8-5C87-4639-AB5E-3555F5A52236}"
EndProject
Project("{FAE04EC0-301F-11D3-BF4B-00C04F79EFBC}") = "ByteBankSistemaAgencia", "ByteBankSistemaAgencia\ByteBankSistemaAgencia.csproj", "{18CAB033-F75D-478D-83A2-60C2D50143CC}"
EndProject
Project("{FAE04EC0-301F-11D3-BF4B-00C04F79EFBC}") = "ByteBankLibrary", "ByteBankLibrary\ByteBankLibrary.csproj", "{2B14CEC4-8766-4FBF-A130-A1BCD364C10C}"
EndProject
Global
	GlobalSection(SolutionConfigurationPlatforms) = preSolution
		Debug|Any CPU = Debug|Any CPU
		Release|Any CPU = Release|Any CPU
	EndGlobalSection
	GlobalSection(ProjectConfigurationPlatforms) = postSolution
		{BEBF5056-3E4F-4564-A939-BBA37F26BF2E}.Debug|Any CPU.ActiveCfg = Debug|Any CPU
		{BEBF5056-3E4F-4564-A939-BBA37F26BF2E}.Debug|Any CPU.Build.0 = Debug|Any CPU
		{BEBF5056-3E4F-4564-A939-BBA37F26BF2E}.Release|Any CPU.ActiveCfg = Release|Any CPU
		{BEBF5056-3E4F-4564-A939-BBA37F26BF2E}.Release|Any CPU.Build.0 = Release|Any CPU
		{854DE9B8-5C87-4639-AB5E-3555F5A52236}.Debug|Any CPU.ActiveCfg = Debug|Any CPU
		{854DE9B8-5C87-4639-AB5E-3555F5A52236}.Debug|Any CPU.Build.0 = Debug|Any CPU
		{854DE9B8-5C87-4639-AB5E-3555F5A52236}.Release|Any CPU.ActiveCfg = Release|Any CPU
		{854DE9B8-5C87-4639-AB5E-3555F5A52236}.Release|Any CPU.Build.0 = Release|Any CPU
		{18CAB033-F75D-478D-83A2-60C2D50143CC}.Debug|Any CPU.ActiveCfg = Debug|Any CPU
		{18CAB033-F75D-478D-83A2-60C2D50143CC}.Debug|Any CPU.Build.0 = Debug|Any CPU
		{18CAB033-F75D-478D-83A2-60C2D50143CC}.Release|Any CPU.ActiveCfg = Release|Any CPU
		{18CAB033-F75D-478D-83A2-60C2D50143CC}.Release|Any CPU.Build.0 = Release|Any CPU
		{2B14CEC4-8766-4FBF-A130-A1BCD364C10C}.Debug|Any CPU.ActiveCfg = Debug|Any CPU
		{2B14CEC4-8766-4FBF-A130-A1BCD364C10C}.Debug|Any CPU.Build.0 = Debug|Any CPU
		{2B14CEC4-8766-4FBF-A130-A1BCD364C10C}.Release|Any CPU.ActiveCfg = Release|Any CPU
		{2B14CEC4-8766-4FBF-A130-A1BCD364C10C}.Release|Any CPU.Build.0 = Release|Any CPU
	EndGlobalSection
	GlobalSection(SolutionProperties) = preSolution
		HideSolutionNode = FALSE
	EndGlobalSection
	GlobalSection(ExtensibilityGlobals) = postSolution
		SolutionGuid = {7B4E54DD-4F47-47F2-BF89-91AB7E3D3EA9}
	EndGlobalSection
EndGlobal
